
Microsoft Visual Studio Solution File, Format Version 12.00
# Visual Studio 2012
Project("{FAE04EC0-301F-11D3-BF4B-00C04F79EFBC}") = "Plugin.Badge.Sample", "Plugin.Badge.Sample.csproj", "{E66692BA-0BA6-4B5C-A519-DD0102B88231}"
EndProject
Project("{FAE04EC0-301F-11D3-BF4B-00C04F79EFBC}") = "Plugin.Badge.Sample.iOS", "iOS\Plugin.Badge.Sample.iOS.csproj", "{E6894584-C17F-4057-B4D0-5DFBBE098A94}"
EndProject
Project("{FAE04EC0-301F-11D3-BF4B-00C04F79EFBC}") = "Plugin.Badge.Sample.Droid", "Droid\Plugin.Badge.Sample.Droid.csproj", "{119FCCAA-7446-4DE0-8F47-5A0A08AC4DB3}"
EndProject
Project("{FAE04EC0-301F-11D3-BF4B-00C04F79EFBC}") = "Plugin.Badge.Abstractions", "Plugin.Badge.Abstractions\Plugin.Badge.Abstractions.csproj", "{99155358-BFE1-4E45-8F84-78614F69B7FC}"
EndProject
Project("{FAE04EC0-301F-11D3-BF4B-00C04F79EFBC}") = "Plugin.Badge.iOS", "Plugin.Badge.iOS\Plugin.Badge.iOS.csproj", "{3EA52389-9136-44EB-8A4E-C6C2B30094D0}"
EndProject
Project("{FAE04EC0-301F-11D3-BF4B-00C04F79EFBC}") = "Plugin.Badge.Droid", "Plugin.Badge.Droid\Plugin.Badge.Droid.csproj", "{5E565A5B-4CEB-4AE5-B836-A9F5E436CAF1}"
EndProject
Global
	GlobalSection(SolutionConfigurationPlatforms) = preSolution
		Debug|Any CPU = Debug|Any CPU
		Release|Any CPU = Release|Any CPU
		Debug|iPhoneSimulator = Debug|iPhoneSimulator
		Release|iPhone = Release|iPhone
		Release|iPhoneSimulator = Release|iPhoneSimulator
		Debug|iPhone = Debug|iPhone
	EndGlobalSection
	GlobalSection(ProjectConfigurationPlatforms) = postSolution
		{E66692BA-0BA6-4B5C-A519-DD0102B88231}.Debug|Any CPU.ActiveCfg = Debug|Any CPU
		{E66692BA-0BA6-4B5C-A519-DD0102B88231}.Debug|Any CPU.Build.0 = Debug|Any CPU
		{E66692BA-0BA6-4B5C-A519-DD0102B88231}.Release|Any CPU.ActiveCfg = Release|Any CPU
		{E66692BA-0BA6-4B5C-A519-DD0102B88231}.Release|Any CPU.Build.0 = Release|Any CPU
		{E66692BA-0BA6-4B5C-A519-DD0102B88231}.Debug|iPhoneSimulator.ActiveCfg = Debug|Any CPU
		{E66692BA-0BA6-4B5C-A519-DD0102B88231}.Debug|iPhoneSimulator.Build.0 = Debug|Any CPU
		{E66692BA-0BA6-4B5C-A519-DD0102B88231}.Release|iPhone.ActiveCfg = Release|Any CPU
		{E66692BA-0BA6-4B5C-A519-DD0102B88231}.Release|iPhone.Build.0 = Release|Any CPU
		{E66692BA-0BA6-4B5C-A519-DD0102B88231}.Release|iPhoneSimulator.ActiveCfg = Release|Any CPU
		{E66692BA-0BA6-4B5C-A519-DD0102B88231}.Release|iPhoneSimulator.Build.0 = Release|Any CPU
		{E66692BA-0BA6-4B5C-A519-DD0102B88231}.Debug|iPhone.ActiveCfg = Debug|Any CPU
		{E66692BA-0BA6-4B5C-A519-DD0102B88231}.Debug|iPhone.Build.0 = Debug|Any CPU
		{E6894584-C17F-4057-B4D0-5DFBBE098A94}.Debug|Any CPU.ActiveCfg = Debug|iPhoneSimulator
		{E6894584-C17F-4057-B4D0-5DFBBE098A94}.Debug|Any CPU.Build.0 = Debug|iPhoneSimulator
		{E6894584-C17F-4057-B4D0-5DFBBE098A94}.Release|Any CPU.ActiveCfg = Release|iPhone
		{E6894584-C17F-4057-B4D0-5DFBBE098A94}.Release|Any CPU.Build.0 = Release|iPhone
		{E6894584-C17F-4057-B4D0-5DFBBE098A94}.Debug|iPhoneSimulator.ActiveCfg = Debug|iPhoneSimulator
		{E6894584-C17F-4057-B4D0-5DFBBE098A94}.Debug|iPhoneSimulator.Build.0 = Debug|iPhoneSimulator
		{E6894584-C17F-4057-B4D0-5DFBBE098A94}.Release|iPhone.ActiveCfg = Release|iPhone
		{E6894584-C17F-4057-B4D0-5DFBBE098A94}.Release|iPhone.Build.0 = Release|iPhone
		{E6894584-C17F-4057-B4D0-5DFBBE098A94}.Release|iPhoneSimulator.ActiveCfg = Release|iPhoneSimulator
		{E6894584-C17F-4057-B4D0-5DFBBE098A94}.Release|iPhoneSimulator.Build.0 = Release|iPhoneSimulator
		{E6894584-C17F-4057-B4D0-5DFBBE098A94}.Debug|iPhone.ActiveCfg = Debug|iPhone
		{E6894584-C17F-4057-B4D0-5DFBBE098A94}.Debug|iPhone.Build.0 = Debug|iPhone
		{119FCCAA-7446-4DE0-8F47-5A0A08AC4DB3}.Debug|Any CPU.ActiveCfg = Debug|Any CPU
		{119FCCAA-7446-4DE0-8F47-5A0A08AC4DB3}.Debug|Any CPU.Build.0 = Debug|Any CPU
		{119FCCAA-7446-4DE0-8F47-5A0A08AC4DB3}.Release|Any CPU.ActiveCfg = Release|Any CPU
		{119FCCAA-7446-4DE0-8F47-5A0A08AC4DB3}.Release|Any CPU.Build.0 = Release|Any CPU
		{119FCCAA-7446-4DE0-8F47-5A0A08AC4DB3}.Debug|iPhoneSimulator.ActiveCfg = Debug|Any CPU
		{119FCCAA-7446-4DE0-8F47-5A0A08AC4DB3}.Debug|iPhoneSimulator.Build.0 = Debug|Any CPU
		{119FCCAA-7446-4DE0-8F47-5A0A08AC4DB3}.Release|iPhone.ActiveCfg = Release|Any CPU
		{119FCCAA-7446-4DE0-8F47-5A0A08AC4DB3}.Release|iPhone.Build.0 = Release|Any CPU
		{119FCCAA-7446-4DE0-8F47-5A0A08AC4DB3}.Release|iPhoneSimulator.ActiveCfg = Release|Any CPU
		{119FCCAA-7446-4DE0-8F47-5A0A08AC4DB3}.Release|iPhoneSimulator.Build.0 = Release|Any CPU
		{119FCCAA-7446-4DE0-8F47-5A0A08AC4DB3}.Debug|iPhone.ActiveCfg = Debug|Any CPU
		{119FCCAA-7446-4DE0-8F47-5A0A08AC4DB3}.Debug|iPhone.Build.0 = Debug|Any CPU
		{99155358-BFE1-4E45-8F84-78614F69B7FC}.Debug|Any CPU.ActiveCfg = Debug|Any CPU
		{99155358-BFE1-4E45-8F84-78614F69B7FC}.Debug|Any CPU.Build.0 = Debug|Any CPU
		{99155358-BFE1-4E45-8F84-78614F69B7FC}.Release|Any CPU.ActiveCfg = Release|Any CPU
		{99155358-BFE1-4E45-8F84-78614F69B7FC}.Release|Any CPU.Build.0 = Release|Any CPU
		{99155358-BFE1-4E45-8F84-78614F69B7FC}.Debug|iPhoneSimulator.ActiveCfg = Debug|Any CPU
		{99155358-BFE1-4E45-8F84-78614F69B7FC}.Debug|iPhoneSimulator.Build.0 = Debug|Any CPU
		{99155358-BFE1-4E45-8F84-78614F69B7FC}.Release|iPhone.ActiveCfg = Release|Any CPU
		{99155358-BFE1-4E45-8F84-78614F69B7FC}.Release|iPhone.Build.0 = Release|Any CPU
		{99155358-BFE1-4E45-8F84-78614F69B7FC}.Release|iPhoneSimulator.ActiveCfg = Release|Any CPU
		{99155358-BFE1-4E45-8F84-78614F69B7FC}.Release|iPhoneSimulator.Build.0 = Release|Any CPU
		{99155358-BFE1-4E45-8F84-78614F69B7FC}.Debug|iPhone.ActiveCfg = Debug|Any CPU
		{99155358-BFE1-4E45-8F84-78614F69B7FC}.Debug|iPhone.Build.0 = Debug|Any CPU
		{3EA52389-9136-44EB-8A4E-C6C2B30094D0}.Debug|Any CPU.ActiveCfg = Debug|Any CPU
		{3EA52389-9136-44EB-8A4E-C6C2B30094D0}.Debug|Any CPU.Build.0 = Debug|Any CPU
		{3EA52389-9136-44EB-8A4E-C6C2B30094D0}.Release|Any CPU.ActiveCfg = Release|Any CPU
		{3EA52389-9136-44EB-8A4E-C6C2B30094D0}.Release|Any CPU.Build.0 = Release|Any CPU
		{3EA52389-9136-44EB-8A4E-C6C2B30094D0}.Debug|iPhoneSimulator.ActiveCfg = Debug|Any CPU
		{3EA52389-9136-44EB-8A4E-C6C2B30094D0}.Debug|iPhoneSimulator.Build.0 = Debug|Any CPU
		{3EA52389-9136-44EB-8A4E-C6C2B30094D0}.Release|iPhone.ActiveCfg = Release|Any CPU
		{3EA52389-9136-44EB-8A4E-C6C2B30094D0}.Release|iPhone.Build.0 = Release|Any CPU
		{3EA52389-9136-44EB-8A4E-C6C2B30094D0}.Release|iPhoneSimulator.ActiveCfg = Release|Any CPU
		{3EA52389-9136-44EB-8A4E-C6C2B30094D0}.Release|iPhoneSimulator.Build.0 = Release|Any CPU
		{3EA52389-9136-44EB-8A4E-C6C2B30094D0}.Debug|iPhone.ActiveCfg = Debug|Any CPU
		{3EA52389-9136-44EB-8A4E-C6C2B30094D0}.Debug|iPhone.Build.0 = Debug|Any CPU
		{5E565A5B-4CEB-4AE5-B836-A9F5E436CAF1}.Debug|Any CPU.ActiveCfg = Debug|Any CPU
		{5E565A5B-4CEB-4AE5-B836-A9F5E436CAF1}.Debug|Any CPU.Build.0 = Debug|Any CPU
		{5E565A5B-4CEB-4AE5-B836-A9F5E436CAF1}.Release|Any CPU.ActiveCfg = Release|Any CPU
		{5E565A5B-4CEB-4AE5-B836-A9F5E436CAF1}.Release|Any CPU.Build.0 = Release|Any CPU
		{5E565A5B-4CEB-4AE5-B836-A9F5E436CAF1}.Debug|iPhoneSimulator.ActiveCfg = Debug|Any CPU
		{5E565A5B-4CEB-4AE5-B836-A9F5E436CAF1}.Debug|iPhoneSimulator.Build.0 = Debug|Any CPU
		{5E565A5B-4CEB-4AE5-B836-A9F5E436CAF1}.Release|iPhone.ActiveCfg = Release|Any CPU
		{5E565A5B-4CEB-4AE5-B836-A9F5E436CAF1}.Release|iPhone.Build.0 = Release|Any CPU
		{5E565A5B-4CEB-4AE5-B836-A9F5E436CAF1}.Release|iPhoneSimulator.ActiveCfg = Release|Any CPU
		{5E565A5B-4CEB-4AE5-B836-A9F5E436CAF1}.Release|iPhoneSimulator.Build.0 = Release|Any CPU
		{5E565A5B-4CEB-4AE5-B836-A9F5E436CAF1}.Debug|iPhone.ActiveCfg = Debug|Any CPU
		{5E565A5B-4CEB-4AE5-B836-A9F5E436CAF1}.Debug|iPhone.Build.0 = Debug|Any CPU
	EndGlobalSection
EndGlobal
