Microsoft Visual Studio Solution File, Format Version 12.00
# Visual Studio 15
VisualStudioVersion = 15.0.27130.2027
MinimumVisualStudioVersion = 10.0.40219.1
Project("{9A19103F-16F7-4668-BE54-9A1E7A4F7556}") = "Plugin.Badge.Abstractions", "Plugin.Badge.Abstractions\Plugin.Badge.Abstractions.csproj", "{99155358-BFE1-4E45-8F84-78614F69B7FC}"
EndProject
Project("{FAE04EC0-301F-11D3-BF4B-00C04F79EFBC}") = "Plugin.Badge.iOS", "Plugin.Badge.iOS\Plugin.Badge.iOS.csproj", "{3EA52389-9136-44EB-8A4E-C6C2B30094D0}"
EndProject
Project("{FAE04EC0-301F-11D3-BF4B-00C04F79EFBC}") = "Plugin.Badge.Droid", "Plugin.Badge.Droid\Plugin.Badge.Droid.csproj", "{5E565A5B-4CEB-4AE5-B836-A9F5E436CAF1}"
EndProject
Project("{2150E333-8FDC-42A3-9474-1A3956D46DE8}") = "Sample", "Sample", "{F2A4C316-91B1-45B8-81B6-64235C89A2A8}"
EndProject
Project("{9A19103F-16F7-4668-BE54-9A1E7A4F7556}") = "Plugin.Badge.Sample", "Sample\Plugin.Badge.Sample\Plugin.Badge.Sample.csproj", "{E66692BA-0BA6-4B5C-A519-DD0102B88231}"
EndProject
Project("{FAE04EC0-301F-11D3-BF4B-00C04F79EFBC}") = "Plugin.Badge.Sample.Droid", "Sample\Plugin.Badge.Sample.Droid\Plugin.Badge.Sample.Droid.csproj", "{119FCCAA-7446-4DE0-8F47-5A0A08AC4DB3}"
EndProject
Project("{FAE04EC0-301F-11D3-BF4B-00C04F79EFBC}") = "Plugin.Badge.Sample.iOS", "Sample\Plugin.Badge.Sample.iOS\Plugin.Badge.Sample.iOS.csproj", "{E6894584-C17F-4057-B4D0-5DFBBE098A94}"
EndProject
Project("{2150E333-8FDC-42A3-9474-1A3956D46DE8}") = ".build", ".build", "{0E58E3C4-DC5E-4946-BC8F-ABE840DA800E}"
	ProjectSection(SolutionItems) = preProject
		..\.build\build.bat = ..\.build\build.bat
		..\.build\build.cake = ..\.build\build.cake
		..\.build\build.fsx = ..\.build\build.fsx
		..\.build\build.ps1 = ..\.build\build.ps1
		..\.build\build.sh = ..\.build\build.sh
		..\.build\Plugin.Badge.nuspec = ..\.build\Plugin.Badge.nuspec
		..\README.md = ..\README.md
	EndProjectSection
EndProject
Project("{2150E333-8FDC-42A3-9474-1A3956D46DE8}") = "Solution Items", "Solution Items", "{4450C664-C9A2-4531-900B-CEFB62ABED91}"
	ProjectSection(SolutionItems) = preProject
		..\.gitignore = ..\.gitignore
		..\changelog.md = ..\changelog.md
	EndProjectSection
EndProject
Project("{FAE04EC0-301F-11D3-BF4B-00C04F79EFBC}") = "Plugin.Badge.Sample.UWP", "Sample\Plugin.Badge.Sample.UWP\Plugin.Badge.Sample.UWP.csproj", "{9D38EFD5-5ADC-4ECB-9B96-1B0A67842326}"
EndProject
Project("{FAE04EC0-301F-11D3-BF4B-00C04F79EFBC}") = "Plugin.Badge.UWP", "Plugin.Badge.UWP\Plugin.Badge.UWP.csproj", "{B1E432D3-6D60-4125-BA49-F4B6BEAD2E15}"
EndProject
Project("{FAE04EC0-301F-11D3-BF4B-00C04F79EFBC}") = "Plugin.Badge.Sample.Mac", "Sample\Plugin.Badge.Sample.Mac\Plugin.Badge.Sample.Mac.csproj", "{0AE3BD6B-5046-4423-881B-C312C00427D6}"
EndProject
Project("{FAE04EC0-301F-11D3-BF4B-00C04F79EFBC}") = "Plugin.Badge.Mac", "Plugin.Badge.Mac\Plugin.Badge.Mac.csproj", "{889C8F61-5875-4994-AC88-82B99A299593}"
EndProject
Project("{FAE04EC0-301F-11D3-BF4B-00C04F79EFBC}") = "Plugin.Badge.Sample.Droid.Legacy", "Plugin.Badge.Sample.Droid.Legacy\Plugin.Badge.Sample.Droid.Legacy.csproj", "{65041A77-F0C4-4263-BF2F-4A631B50A718}"
EndProject
Project("{FAE04EC0-301F-11D3-BF4B-00C04F79EFBC}") = "Plugin.Badge.Sample.WPF", "Sample\Plugin.Badge.Sample.WPF\Plugin.Badge.Sample.WPF.csproj", "{F5E36722-2C35-4FF8-B846-4133204EAECA}"
EndProject
Project("{FAE04EC0-301F-11D3-BF4B-00C04F79EFBC}") = "Plugin.Badge.WPF", "Plugin.Badge.WPF\Plugin.Badge.WPF.csproj", "{E6738CB2-853F-4C8B-8174-B9029CABEBF2}"
EndProject
Global
	GlobalSection(SolutionConfigurationPlatforms) = preSolution
		Debug|Any CPU = Debug|Any CPU
		Debug|ARM = Debug|ARM
		Debug|iPhone = Debug|iPhone
		Debug|iPhoneSimulator = Debug|iPhoneSimulator
		Debug|x64 = Debug|x64
		Debug|x86 = Debug|x86
		Release|Any CPU = Release|Any CPU
		Release|ARM = Release|ARM
		Release|iPhone = Release|iPhone
		Release|iPhoneSimulator = Release|iPhoneSimulator
		Release|x64 = Release|x64
		Release|x86 = Release|x86
		ReleaseNoUWP|Any CPU = ReleaseNoUWP|Any CPU
		ReleaseNoUWP|ARM = ReleaseNoUWP|ARM
		ReleaseNoUWP|iPhone = ReleaseNoUWP|iPhone
		ReleaseNoUWP|iPhoneSimulator = ReleaseNoUWP|iPhoneSimulator
		ReleaseNoUWP|x64 = ReleaseNoUWP|x64
		ReleaseNoUWP|x86 = ReleaseNoUWP|x86
	EndGlobalSection
	GlobalSection(ProjectConfigurationPlatforms) = postSolution
		{99155358-BFE1-4E45-8F84-78614F69B7FC}.Debug|Any CPU.ActiveCfg = Debug|Any CPU
		{99155358-BFE1-4E45-8F84-78614F69B7FC}.Debug|Any CPU.Build.0 = Debug|Any CPU
		{99155358-BFE1-4E45-8F84-78614F69B7FC}.Debug|ARM.ActiveCfg = Debug|Any CPU
		{99155358-BFE1-4E45-8F84-78614F69B7FC}.Debug|ARM.Build.0 = Debug|Any CPU
		{99155358-BFE1-4E45-8F84-78614F69B7FC}.Debug|iPhone.ActiveCfg = Debug|Any CPU
		{99155358-BFE1-4E45-8F84-78614F69B7FC}.Debug|iPhone.Build.0 = Debug|Any CPU
		{99155358-BFE1-4E45-8F84-78614F69B7FC}.Debug|iPhoneSimulator.ActiveCfg = Debug|Any CPU
		{99155358-BFE1-4E45-8F84-78614F69B7FC}.Debug|iPhoneSimulator.Build.0 = Debug|Any CPU
		{99155358-BFE1-4E45-8F84-78614F69B7FC}.Debug|x64.ActiveCfg = Debug|Any CPU
		{99155358-BFE1-4E45-8F84-78614F69B7FC}.Debug|x64.Build.0 = Debug|Any CPU
		{99155358-BFE1-4E45-8F84-78614F69B7FC}.Debug|x86.ActiveCfg = Debug|Any CPU
		{99155358-BFE1-4E45-8F84-78614F69B7FC}.Debug|x86.Build.0 = Debug|Any CPU
		{99155358-BFE1-4E45-8F84-78614F69B7FC}.Release|Any CPU.ActiveCfg = Release|Any CPU
		{99155358-BFE1-4E45-8F84-78614F69B7FC}.Release|Any CPU.Build.0 = Release|Any CPU
		{99155358-BFE1-4E45-8F84-78614F69B7FC}.Release|ARM.ActiveCfg = Release|Any CPU
		{99155358-BFE1-4E45-8F84-78614F69B7FC}.Release|ARM.Build.0 = Release|Any CPU
		{99155358-BFE1-4E45-8F84-78614F69B7FC}.Release|iPhone.ActiveCfg = Release|Any CPU
		{99155358-BFE1-4E45-8F84-78614F69B7FC}.Release|iPhone.Build.0 = Release|Any CPU
		{99155358-BFE1-4E45-8F84-78614F69B7FC}.Release|iPhoneSimulator.ActiveCfg = Release|Any CPU
		{99155358-BFE1-4E45-8F84-78614F69B7FC}.Release|iPhoneSimulator.Build.0 = Release|Any CPU
		{99155358-BFE1-4E45-8F84-78614F69B7FC}.Release|x64.ActiveCfg = Release|Any CPU
		{99155358-BFE1-4E45-8F84-78614F69B7FC}.Release|x64.Build.0 = Release|Any CPU
		{99155358-BFE1-4E45-8F84-78614F69B7FC}.Release|x86.ActiveCfg = Release|Any CPU
		{99155358-BFE1-4E45-8F84-78614F69B7FC}.Release|x86.Build.0 = Release|Any CPU
		{99155358-BFE1-4E45-8F84-78614F69B7FC}.ReleaseNoUWP|Any CPU.ActiveCfg = Release|Any CPU
		{99155358-BFE1-4E45-8F84-78614F69B7FC}.ReleaseNoUWP|Any CPU.Build.0 = Release|Any CPU
		{99155358-BFE1-4E45-8F84-78614F69B7FC}.ReleaseNoUWP|ARM.ActiveCfg = Release|Any CPU
		{99155358-BFE1-4E45-8F84-78614F69B7FC}.ReleaseNoUWP|ARM.Build.0 = Release|Any CPU
		{99155358-BFE1-4E45-8F84-78614F69B7FC}.ReleaseNoUWP|iPhone.ActiveCfg = Release|Any CPU
		{99155358-BFE1-4E45-8F84-78614F69B7FC}.ReleaseNoUWP|iPhone.Build.0 = Release|Any CPU
		{99155358-BFE1-4E45-8F84-78614F69B7FC}.ReleaseNoUWP|iPhoneSimulator.ActiveCfg = Release|Any CPU
		{99155358-BFE1-4E45-8F84-78614F69B7FC}.ReleaseNoUWP|iPhoneSimulator.Build.0 = Release|Any CPU
		{99155358-BFE1-4E45-8F84-78614F69B7FC}.ReleaseNoUWP|x64.ActiveCfg = Release|Any CPU
		{99155358-BFE1-4E45-8F84-78614F69B7FC}.ReleaseNoUWP|x64.Build.0 = Release|Any CPU
		{99155358-BFE1-4E45-8F84-78614F69B7FC}.ReleaseNoUWP|x86.ActiveCfg = Release|Any CPU
		{99155358-BFE1-4E45-8F84-78614F69B7FC}.ReleaseNoUWP|x86.Build.0 = Release|Any CPU
		{3EA52389-9136-44EB-8A4E-C6C2B30094D0}.Debug|Any CPU.ActiveCfg = Debug|Any CPU
		{3EA52389-9136-44EB-8A4E-C6C2B30094D0}.Debug|Any CPU.Build.0 = Debug|Any CPU
		{3EA52389-9136-44EB-8A4E-C6C2B30094D0}.Debug|ARM.ActiveCfg = Debug|Any CPU
		{3EA52389-9136-44EB-8A4E-C6C2B30094D0}.Debug|ARM.Build.0 = Debug|Any CPU
		{3EA52389-9136-44EB-8A4E-C6C2B30094D0}.Debug|iPhone.ActiveCfg = Debug|Any CPU
		{3EA52389-9136-44EB-8A4E-C6C2B30094D0}.Debug|iPhone.Build.0 = Debug|Any CPU
		{3EA52389-9136-44EB-8A4E-C6C2B30094D0}.Debug|iPhoneSimulator.ActiveCfg = Debug|Any CPU
		{3EA52389-9136-44EB-8A4E-C6C2B30094D0}.Debug|iPhoneSimulator.Build.0 = Debug|Any CPU
		{3EA52389-9136-44EB-8A4E-C6C2B30094D0}.Debug|x64.ActiveCfg = Debug|Any CPU
		{3EA52389-9136-44EB-8A4E-C6C2B30094D0}.Debug|x64.Build.0 = Debug|Any CPU
		{3EA52389-9136-44EB-8A4E-C6C2B30094D0}.Debug|x86.ActiveCfg = Debug|Any CPU
		{3EA52389-9136-44EB-8A4E-C6C2B30094D0}.Debug|x86.Build.0 = Debug|Any CPU
		{3EA52389-9136-44EB-8A4E-C6C2B30094D0}.Release|Any CPU.ActiveCfg = Release|Any CPU
		{3EA52389-9136-44EB-8A4E-C6C2B30094D0}.Release|Any CPU.Build.0 = Release|Any CPU
		{3EA52389-9136-44EB-8A4E-C6C2B30094D0}.Release|ARM.ActiveCfg = Release|Any CPU
		{3EA52389-9136-44EB-8A4E-C6C2B30094D0}.Release|ARM.Build.0 = Release|Any CPU
		{3EA52389-9136-44EB-8A4E-C6C2B30094D0}.Release|iPhone.ActiveCfg = Release|Any CPU
		{3EA52389-9136-44EB-8A4E-C6C2B30094D0}.Release|iPhone.Build.0 = Release|Any CPU
		{3EA52389-9136-44EB-8A4E-C6C2B30094D0}.Release|iPhoneSimulator.ActiveCfg = Release|Any CPU
		{3EA52389-9136-44EB-8A4E-C6C2B30094D0}.Release|iPhoneSimulator.Build.0 = Release|Any CPU
		{3EA52389-9136-44EB-8A4E-C6C2B30094D0}.Release|x64.ActiveCfg = Release|Any CPU
		{3EA52389-9136-44EB-8A4E-C6C2B30094D0}.Release|x64.Build.0 = Release|Any CPU
		{3EA52389-9136-44EB-8A4E-C6C2B30094D0}.Release|x86.ActiveCfg = Release|Any CPU
		{3EA52389-9136-44EB-8A4E-C6C2B30094D0}.Release|x86.Build.0 = Release|Any CPU
		{3EA52389-9136-44EB-8A4E-C6C2B30094D0}.ReleaseNoUWP|Any CPU.ActiveCfg = Release|Any CPU
		{3EA52389-9136-44EB-8A4E-C6C2B30094D0}.ReleaseNoUWP|Any CPU.Build.0 = Release|Any CPU
		{3EA52389-9136-44EB-8A4E-C6C2B30094D0}.ReleaseNoUWP|ARM.ActiveCfg = Release|Any CPU
		{3EA52389-9136-44EB-8A4E-C6C2B30094D0}.ReleaseNoUWP|ARM.Build.0 = Release|Any CPU
		{3EA52389-9136-44EB-8A4E-C6C2B30094D0}.ReleaseNoUWP|iPhone.ActiveCfg = Release|Any CPU
		{3EA52389-9136-44EB-8A4E-C6C2B30094D0}.ReleaseNoUWP|iPhone.Build.0 = Release|Any CPU
		{3EA52389-9136-44EB-8A4E-C6C2B30094D0}.ReleaseNoUWP|iPhoneSimulator.ActiveCfg = Release|Any CPU
		{3EA52389-9136-44EB-8A4E-C6C2B30094D0}.ReleaseNoUWP|iPhoneSimulator.Build.0 = Release|Any CPU
		{3EA52389-9136-44EB-8A4E-C6C2B30094D0}.ReleaseNoUWP|x64.ActiveCfg = Release|Any CPU
		{3EA52389-9136-44EB-8A4E-C6C2B30094D0}.ReleaseNoUWP|x64.Build.0 = Release|Any CPU
		{3EA52389-9136-44EB-8A4E-C6C2B30094D0}.ReleaseNoUWP|x86.ActiveCfg = Release|Any CPU
		{3EA52389-9136-44EB-8A4E-C6C2B30094D0}.ReleaseNoUWP|x86.Build.0 = Release|Any CPU
		{5E565A5B-4CEB-4AE5-B836-A9F5E436CAF1}.Debug|Any CPU.ActiveCfg = Debug|Any CPU
		{5E565A5B-4CEB-4AE5-B836-A9F5E436CAF1}.Debug|Any CPU.Build.0 = Debug|Any CPU
		{5E565A5B-4CEB-4AE5-B836-A9F5E436CAF1}.Debug|ARM.ActiveCfg = Debug|Any CPU
		{5E565A5B-4CEB-4AE5-B836-A9F5E436CAF1}.Debug|ARM.Build.0 = Debug|Any CPU
		{5E565A5B-4CEB-4AE5-B836-A9F5E436CAF1}.Debug|iPhone.ActiveCfg = Debug|Any CPU
		{5E565A5B-4CEB-4AE5-B836-A9F5E436CAF1}.Debug|iPhone.Build.0 = Debug|Any CPU
		{5E565A5B-4CEB-4AE5-B836-A9F5E436CAF1}.Debug|iPhoneSimulator.ActiveCfg = Debug|Any CPU
		{5E565A5B-4CEB-4AE5-B836-A9F5E436CAF1}.Debug|iPhoneSimulator.Build.0 = Debug|Any CPU
		{5E565A5B-4CEB-4AE5-B836-A9F5E436CAF1}.Debug|x64.ActiveCfg = Debug|Any CPU
		{5E565A5B-4CEB-4AE5-B836-A9F5E436CAF1}.Debug|x64.Build.0 = Debug|Any CPU
		{5E565A5B-4CEB-4AE5-B836-A9F5E436CAF1}.Debug|x86.ActiveCfg = Debug|Any CPU
		{5E565A5B-4CEB-4AE5-B836-A9F5E436CAF1}.Debug|x86.Build.0 = Debug|Any CPU
		{5E565A5B-4CEB-4AE5-B836-A9F5E436CAF1}.Release|Any CPU.ActiveCfg = Release|Any CPU
		{5E565A5B-4CEB-4AE5-B836-A9F5E436CAF1}.Release|Any CPU.Build.0 = Release|Any CPU
		{5E565A5B-4CEB-4AE5-B836-A9F5E436CAF1}.Release|ARM.ActiveCfg = Release|Any CPU
		{5E565A5B-4CEB-4AE5-B836-A9F5E436CAF1}.Release|ARM.Build.0 = Release|Any CPU
		{5E565A5B-4CEB-4AE5-B836-A9F5E436CAF1}.Release|iPhone.ActiveCfg = Release|Any CPU
		{5E565A5B-4CEB-4AE5-B836-A9F5E436CAF1}.Release|iPhone.Build.0 = Release|Any CPU
		{5E565A5B-4CEB-4AE5-B836-A9F5E436CAF1}.Release|iPhoneSimulator.ActiveCfg = Release|Any CPU
		{5E565A5B-4CEB-4AE5-B836-A9F5E436CAF1}.Release|iPhoneSimulator.Build.0 = Release|Any CPU
		{5E565A5B-4CEB-4AE5-B836-A9F5E436CAF1}.Release|x64.ActiveCfg = Release|Any CPU
		{5E565A5B-4CEB-4AE5-B836-A9F5E436CAF1}.Release|x64.Build.0 = Release|Any CPU
		{5E565A5B-4CEB-4AE5-B836-A9F5E436CAF1}.Release|x86.ActiveCfg = Release|Any CPU
		{5E565A5B-4CEB-4AE5-B836-A9F5E436CAF1}.Release|x86.Build.0 = Release|Any CPU
		{5E565A5B-4CEB-4AE5-B836-A9F5E436CAF1}.ReleaseNoUWP|Any CPU.ActiveCfg = Release|Any CPU
		{5E565A5B-4CEB-4AE5-B836-A9F5E436CAF1}.ReleaseNoUWP|Any CPU.Build.0 = Release|Any CPU
		{5E565A5B-4CEB-4AE5-B836-A9F5E436CAF1}.ReleaseNoUWP|ARM.ActiveCfg = Release|Any CPU
		{5E565A5B-4CEB-4AE5-B836-A9F5E436CAF1}.ReleaseNoUWP|ARM.Build.0 = Release|Any CPU
		{5E565A5B-4CEB-4AE5-B836-A9F5E436CAF1}.ReleaseNoUWP|iPhone.ActiveCfg = Release|Any CPU
		{5E565A5B-4CEB-4AE5-B836-A9F5E436CAF1}.ReleaseNoUWP|iPhone.Build.0 = Release|Any CPU
		{5E565A5B-4CEB-4AE5-B836-A9F5E436CAF1}.ReleaseNoUWP|iPhoneSimulator.ActiveCfg = Release|Any CPU
		{5E565A5B-4CEB-4AE5-B836-A9F5E436CAF1}.ReleaseNoUWP|iPhoneSimulator.Build.0 = Release|Any CPU
		{5E565A5B-4CEB-4AE5-B836-A9F5E436CAF1}.ReleaseNoUWP|x64.ActiveCfg = Release|Any CPU
		{5E565A5B-4CEB-4AE5-B836-A9F5E436CAF1}.ReleaseNoUWP|x64.Build.0 = Release|Any CPU
		{5E565A5B-4CEB-4AE5-B836-A9F5E436CAF1}.ReleaseNoUWP|x86.ActiveCfg = Release|Any CPU
		{5E565A5B-4CEB-4AE5-B836-A9F5E436CAF1}.ReleaseNoUWP|x86.Build.0 = Release|Any CPU
		{E66692BA-0BA6-4B5C-A519-DD0102B88231}.Debug|Any CPU.ActiveCfg = Debug|Any CPU
		{E66692BA-0BA6-4B5C-A519-DD0102B88231}.Debug|Any CPU.Build.0 = Debug|Any CPU
		{E66692BA-0BA6-4B5C-A519-DD0102B88231}.Debug|ARM.ActiveCfg = Debug|Any CPU
		{E66692BA-0BA6-4B5C-A519-DD0102B88231}.Debug|ARM.Build.0 = Debug|Any CPU
		{E66692BA-0BA6-4B5C-A519-DD0102B88231}.Debug|iPhone.ActiveCfg = Debug|Any CPU
		{E66692BA-0BA6-4B5C-A519-DD0102B88231}.Debug|iPhone.Build.0 = Debug|Any CPU
		{E66692BA-0BA6-4B5C-A519-DD0102B88231}.Debug|iPhoneSimulator.ActiveCfg = Debug|Any CPU
		{E66692BA-0BA6-4B5C-A519-DD0102B88231}.Debug|iPhoneSimulator.Build.0 = Debug|Any CPU
		{E66692BA-0BA6-4B5C-A519-DD0102B88231}.Debug|x64.ActiveCfg = Debug|Any CPU
		{E66692BA-0BA6-4B5C-A519-DD0102B88231}.Debug|x64.Build.0 = Debug|Any CPU
		{E66692BA-0BA6-4B5C-A519-DD0102B88231}.Debug|x86.ActiveCfg = Debug|Any CPU
		{E66692BA-0BA6-4B5C-A519-DD0102B88231}.Debug|x86.Build.0 = Debug|Any CPU
		{E66692BA-0BA6-4B5C-A519-DD0102B88231}.Release|Any CPU.ActiveCfg = Release|Any CPU
		{E66692BA-0BA6-4B5C-A519-DD0102B88231}.Release|Any CPU.Build.0 = Release|Any CPU
		{E66692BA-0BA6-4B5C-A519-DD0102B88231}.Release|ARM.ActiveCfg = Release|Any CPU
		{E66692BA-0BA6-4B5C-A519-DD0102B88231}.Release|ARM.Build.0 = Release|Any CPU
		{E66692BA-0BA6-4B5C-A519-DD0102B88231}.Release|iPhone.ActiveCfg = Release|Any CPU
		{E66692BA-0BA6-4B5C-A519-DD0102B88231}.Release|iPhone.Build.0 = Release|Any CPU
		{E66692BA-0BA6-4B5C-A519-DD0102B88231}.Release|iPhoneSimulator.ActiveCfg = Release|Any CPU
		{E66692BA-0BA6-4B5C-A519-DD0102B88231}.Release|iPhoneSimulator.Build.0 = Release|Any CPU
		{E66692BA-0BA6-4B5C-A519-DD0102B88231}.Release|x64.ActiveCfg = Release|Any CPU
		{E66692BA-0BA6-4B5C-A519-DD0102B88231}.Release|x64.Build.0 = Release|Any CPU
		{E66692BA-0BA6-4B5C-A519-DD0102B88231}.Release|x86.ActiveCfg = Release|Any CPU
		{E66692BA-0BA6-4B5C-A519-DD0102B88231}.Release|x86.Build.0 = Release|Any CPU
		{E66692BA-0BA6-4B5C-A519-DD0102B88231}.ReleaseNoUWP|Any CPU.ActiveCfg = Release|Any CPU
		{E66692BA-0BA6-4B5C-A519-DD0102B88231}.ReleaseNoUWP|Any CPU.Build.0 = Release|Any CPU
		{E66692BA-0BA6-4B5C-A519-DD0102B88231}.ReleaseNoUWP|ARM.ActiveCfg = Release|Any CPU
		{E66692BA-0BA6-4B5C-A519-DD0102B88231}.ReleaseNoUWP|ARM.Build.0 = Release|Any CPU
		{E66692BA-0BA6-4B5C-A519-DD0102B88231}.ReleaseNoUWP|iPhone.ActiveCfg = Release|Any CPU
		{E66692BA-0BA6-4B5C-A519-DD0102B88231}.ReleaseNoUWP|iPhone.Build.0 = Release|Any CPU
		{E66692BA-0BA6-4B5C-A519-DD0102B88231}.ReleaseNoUWP|iPhoneSimulator.ActiveCfg = Release|Any CPU
		{E66692BA-0BA6-4B5C-A519-DD0102B88231}.ReleaseNoUWP|iPhoneSimulator.Build.0 = Release|Any CPU
		{E66692BA-0BA6-4B5C-A519-DD0102B88231}.ReleaseNoUWP|x64.ActiveCfg = Release|Any CPU
		{E66692BA-0BA6-4B5C-A519-DD0102B88231}.ReleaseNoUWP|x64.Build.0 = Release|Any CPU
		{E66692BA-0BA6-4B5C-A519-DD0102B88231}.ReleaseNoUWP|x86.ActiveCfg = Release|Any CPU
		{E66692BA-0BA6-4B5C-A519-DD0102B88231}.ReleaseNoUWP|x86.Build.0 = Release|Any CPU
		{119FCCAA-7446-4DE0-8F47-5A0A08AC4DB3}.Debug|Any CPU.ActiveCfg = Debug|Any CPU
		{119FCCAA-7446-4DE0-8F47-5A0A08AC4DB3}.Debug|Any CPU.Build.0 = Debug|Any CPU
		{119FCCAA-7446-4DE0-8F47-5A0A08AC4DB3}.Debug|Any CPU.Deploy.0 = Debug|Any CPU
		{119FCCAA-7446-4DE0-8F47-5A0A08AC4DB3}.Debug|ARM.ActiveCfg = Debug|Any CPU
		{119FCCAA-7446-4DE0-8F47-5A0A08AC4DB3}.Debug|ARM.Build.0 = Debug|Any CPU
		{119FCCAA-7446-4DE0-8F47-5A0A08AC4DB3}.Debug|ARM.Deploy.0 = Debug|Any CPU
		{119FCCAA-7446-4DE0-8F47-5A0A08AC4DB3}.Debug|iPhone.ActiveCfg = Debug|Any CPU
		{119FCCAA-7446-4DE0-8F47-5A0A08AC4DB3}.Debug|iPhone.Build.0 = Debug|Any CPU
		{119FCCAA-7446-4DE0-8F47-5A0A08AC4DB3}.Debug|iPhone.Deploy.0 = Debug|Any CPU
		{119FCCAA-7446-4DE0-8F47-5A0A08AC4DB3}.Debug|iPhoneSimulator.ActiveCfg = Debug|Any CPU
		{119FCCAA-7446-4DE0-8F47-5A0A08AC4DB3}.Debug|iPhoneSimulator.Build.0 = Debug|Any CPU
		{119FCCAA-7446-4DE0-8F47-5A0A08AC4DB3}.Debug|iPhoneSimulator.Deploy.0 = Debug|Any CPU
		{119FCCAA-7446-4DE0-8F47-5A0A08AC4DB3}.Debug|x64.ActiveCfg = Debug|Any CPU
		{119FCCAA-7446-4DE0-8F47-5A0A08AC4DB3}.Debug|x64.Build.0 = Debug|Any CPU
		{119FCCAA-7446-4DE0-8F47-5A0A08AC4DB3}.Debug|x64.Deploy.0 = Debug|Any CPU
		{119FCCAA-7446-4DE0-8F47-5A0A08AC4DB3}.Debug|x86.ActiveCfg = Debug|Any CPU
		{119FCCAA-7446-4DE0-8F47-5A0A08AC4DB3}.Debug|x86.Build.0 = Debug|Any CPU
		{119FCCAA-7446-4DE0-8F47-5A0A08AC4DB3}.Debug|x86.Deploy.0 = Debug|Any CPU
		{119FCCAA-7446-4DE0-8F47-5A0A08AC4DB3}.Release|Any CPU.ActiveCfg = Release|Any CPU
		{119FCCAA-7446-4DE0-8F47-5A0A08AC4DB3}.Release|Any CPU.Build.0 = Release|Any CPU
		{119FCCAA-7446-4DE0-8F47-5A0A08AC4DB3}.Release|Any CPU.Deploy.0 = Release|Any CPU
		{119FCCAA-7446-4DE0-8F47-5A0A08AC4DB3}.Release|ARM.ActiveCfg = Release|Any CPU
		{119FCCAA-7446-4DE0-8F47-5A0A08AC4DB3}.Release|ARM.Build.0 = Release|Any CPU
		{119FCCAA-7446-4DE0-8F47-5A0A08AC4DB3}.Release|ARM.Deploy.0 = Release|Any CPU
		{119FCCAA-7446-4DE0-8F47-5A0A08AC4DB3}.Release|iPhone.ActiveCfg = Release|Any CPU
		{119FCCAA-7446-4DE0-8F47-5A0A08AC4DB3}.Release|iPhone.Build.0 = Release|Any CPU
		{119FCCAA-7446-4DE0-8F47-5A0A08AC4DB3}.Release|iPhone.Deploy.0 = Release|Any CPU
		{119FCCAA-7446-4DE0-8F47-5A0A08AC4DB3}.Release|iPhoneSimulator.ActiveCfg = Release|Any CPU
		{119FCCAA-7446-4DE0-8F47-5A0A08AC4DB3}.Release|iPhoneSimulator.Build.0 = Release|Any CPU
		{119FCCAA-7446-4DE0-8F47-5A0A08AC4DB3}.Release|iPhoneSimulator.Deploy.0 = Release|Any CPU
		{119FCCAA-7446-4DE0-8F47-5A0A08AC4DB3}.Release|x64.ActiveCfg = Release|Any CPU
		{119FCCAA-7446-4DE0-8F47-5A0A08AC4DB3}.Release|x64.Build.0 = Release|Any CPU
		{119FCCAA-7446-4DE0-8F47-5A0A08AC4DB3}.Release|x64.Deploy.0 = Release|Any CPU
		{119FCCAA-7446-4DE0-8F47-5A0A08AC4DB3}.Release|x86.ActiveCfg = Release|Any CPU
		{119FCCAA-7446-4DE0-8F47-5A0A08AC4DB3}.Release|x86.Build.0 = Release|Any CPU
		{119FCCAA-7446-4DE0-8F47-5A0A08AC4DB3}.Release|x86.Deploy.0 = Release|Any CPU
		{119FCCAA-7446-4DE0-8F47-5A0A08AC4DB3}.ReleaseNoUWP|Any CPU.ActiveCfg = Release|Any CPU
		{119FCCAA-7446-4DE0-8F47-5A0A08AC4DB3}.ReleaseNoUWP|Any CPU.Build.0 = Release|Any CPU
		{119FCCAA-7446-4DE0-8F47-5A0A08AC4DB3}.ReleaseNoUWP|Any CPU.Deploy.0 = Release|Any CPU
		{119FCCAA-7446-4DE0-8F47-5A0A08AC4DB3}.ReleaseNoUWP|ARM.ActiveCfg = Release|Any CPU
		{119FCCAA-7446-4DE0-8F47-5A0A08AC4DB3}.ReleaseNoUWP|ARM.Build.0 = Release|Any CPU
		{119FCCAA-7446-4DE0-8F47-5A0A08AC4DB3}.ReleaseNoUWP|ARM.Deploy.0 = Release|Any CPU
		{119FCCAA-7446-4DE0-8F47-5A0A08AC4DB3}.ReleaseNoUWP|iPhone.ActiveCfg = Release|Any CPU
		{119FCCAA-7446-4DE0-8F47-5A0A08AC4DB3}.ReleaseNoUWP|iPhone.Build.0 = Release|Any CPU
		{119FCCAA-7446-4DE0-8F47-5A0A08AC4DB3}.ReleaseNoUWP|iPhone.Deploy.0 = Release|Any CPU
		{119FCCAA-7446-4DE0-8F47-5A0A08AC4DB3}.ReleaseNoUWP|iPhoneSimulator.ActiveCfg = Release|Any CPU
		{119FCCAA-7446-4DE0-8F47-5A0A08AC4DB3}.ReleaseNoUWP|iPhoneSimulator.Build.0 = Release|Any CPU
		{119FCCAA-7446-4DE0-8F47-5A0A08AC4DB3}.ReleaseNoUWP|iPhoneSimulator.Deploy.0 = Release|Any CPU
		{119FCCAA-7446-4DE0-8F47-5A0A08AC4DB3}.ReleaseNoUWP|x64.ActiveCfg = Release|Any CPU
		{119FCCAA-7446-4DE0-8F47-5A0A08AC4DB3}.ReleaseNoUWP|x64.Build.0 = Release|Any CPU
		{119FCCAA-7446-4DE0-8F47-5A0A08AC4DB3}.ReleaseNoUWP|x64.Deploy.0 = Release|Any CPU
		{119FCCAA-7446-4DE0-8F47-5A0A08AC4DB3}.ReleaseNoUWP|x86.ActiveCfg = Release|Any CPU
		{119FCCAA-7446-4DE0-8F47-5A0A08AC4DB3}.ReleaseNoUWP|x86.Build.0 = Release|Any CPU
		{119FCCAA-7446-4DE0-8F47-5A0A08AC4DB3}.ReleaseNoUWP|x86.Deploy.0 = Release|Any CPU
		{E6894584-C17F-4057-B4D0-5DFBBE098A94}.Debug|Any CPU.ActiveCfg = Debug|iPhone
		{E6894584-C17F-4057-B4D0-5DFBBE098A94}.Debug|ARM.ActiveCfg = Debug|iPhoneSimulator
		{E6894584-C17F-4057-B4D0-5DFBBE098A94}.Debug|iPhone.ActiveCfg = Debug|iPhone
		{E6894584-C17F-4057-B4D0-5DFBBE098A94}.Debug|iPhone.Build.0 = Debug|iPhone
		{E6894584-C17F-4057-B4D0-5DFBBE098A94}.Debug|iPhoneSimulator.ActiveCfg = Debug|iPhoneSimulator
		{E6894584-C17F-4057-B4D0-5DFBBE098A94}.Debug|iPhoneSimulator.Build.0 = Debug|iPhoneSimulator
		{E6894584-C17F-4057-B4D0-5DFBBE098A94}.Debug|x64.ActiveCfg = Debug|iPhoneSimulator
		{E6894584-C17F-4057-B4D0-5DFBBE098A94}.Debug|x86.ActiveCfg = Debug|iPhoneSimulator
		{E6894584-C17F-4057-B4D0-5DFBBE098A94}.Release|Any CPU.ActiveCfg = Release|iPhone
		{E6894584-C17F-4057-B4D0-5DFBBE098A94}.Release|ARM.ActiveCfg = Release|iPhoneSimulator
		{E6894584-C17F-4057-B4D0-5DFBBE098A94}.Release|iPhone.ActiveCfg = Release|iPhone
		{E6894584-C17F-4057-B4D0-5DFBBE098A94}.Release|iPhone.Build.0 = Release|iPhone
		{E6894584-C17F-4057-B4D0-5DFBBE098A94}.Release|iPhoneSimulator.ActiveCfg = Release|iPhoneSimulator
		{E6894584-C17F-4057-B4D0-5DFBBE098A94}.Release|iPhoneSimulator.Build.0 = Release|iPhoneSimulator
		{E6894584-C17F-4057-B4D0-5DFBBE098A94}.Release|x64.ActiveCfg = Release|iPhoneSimulator
		{E6894584-C17F-4057-B4D0-5DFBBE098A94}.Release|x86.ActiveCfg = Release|iPhoneSimulator
		{E6894584-C17F-4057-B4D0-5DFBBE098A94}.ReleaseNoUWP|Any CPU.ActiveCfg = Release|iPhone
		{E6894584-C17F-4057-B4D0-5DFBBE098A94}.ReleaseNoUWP|ARM.ActiveCfg = Release|iPhoneSimulator
		{E6894584-C17F-4057-B4D0-5DFBBE098A94}.ReleaseNoUWP|iPhone.ActiveCfg = Release|iPhone
		{E6894584-C17F-4057-B4D0-5DFBBE098A94}.ReleaseNoUWP|iPhone.Build.0 = Release|iPhone
		{E6894584-C17F-4057-B4D0-5DFBBE098A94}.ReleaseNoUWP|iPhoneSimulator.ActiveCfg = Release|iPhoneSimulator
		{E6894584-C17F-4057-B4D0-5DFBBE098A94}.ReleaseNoUWP|iPhoneSimulator.Build.0 = Release|iPhoneSimulator
		{E6894584-C17F-4057-B4D0-5DFBBE098A94}.ReleaseNoUWP|x64.ActiveCfg = Release|iPhoneSimulator
		{E6894584-C17F-4057-B4D0-5DFBBE098A94}.ReleaseNoUWP|x86.ActiveCfg = Release|iPhoneSimulator
		{9D38EFD5-5ADC-4ECB-9B96-1B0A67842326}.Debug|Any CPU.ActiveCfg = Debug|x86
		{9D38EFD5-5ADC-4ECB-9B96-1B0A67842326}.Debug|Any CPU.Build.0 = Debug|x86
		{9D38EFD5-5ADC-4ECB-9B96-1B0A67842326}.Debug|Any CPU.Deploy.0 = Debug|x86
		{9D38EFD5-5ADC-4ECB-9B96-1B0A67842326}.Debug|ARM.ActiveCfg = Debug|ARM
		{9D38EFD5-5ADC-4ECB-9B96-1B0A67842326}.Debug|ARM.Build.0 = Debug|ARM
		{9D38EFD5-5ADC-4ECB-9B96-1B0A67842326}.Debug|ARM.Deploy.0 = Debug|ARM
		{9D38EFD5-5ADC-4ECB-9B96-1B0A67842326}.Debug|iPhone.ActiveCfg = Debug|x86
		{9D38EFD5-5ADC-4ECB-9B96-1B0A67842326}.Debug|iPhoneSimulator.ActiveCfg = Debug|x86
		{9D38EFD5-5ADC-4ECB-9B96-1B0A67842326}.Debug|x64.ActiveCfg = Debug|x64
		{9D38EFD5-5ADC-4ECB-9B96-1B0A67842326}.Debug|x64.Build.0 = Debug|x64
		{9D38EFD5-5ADC-4ECB-9B96-1B0A67842326}.Debug|x64.Deploy.0 = Debug|x64
		{9D38EFD5-5ADC-4ECB-9B96-1B0A67842326}.Debug|x86.ActiveCfg = Debug|x86
		{9D38EFD5-5ADC-4ECB-9B96-1B0A67842326}.Debug|x86.Build.0 = Debug|x86
		{9D38EFD5-5ADC-4ECB-9B96-1B0A67842326}.Debug|x86.Deploy.0 = Debug|x86
		{9D38EFD5-5ADC-4ECB-9B96-1B0A67842326}.Release|Any CPU.ActiveCfg = Release|x86
		{9D38EFD5-5ADC-4ECB-9B96-1B0A67842326}.Release|ARM.ActiveCfg = Release|ARM
		{9D38EFD5-5ADC-4ECB-9B96-1B0A67842326}.Release|ARM.Build.0 = Release|ARM
		{9D38EFD5-5ADC-4ECB-9B96-1B0A67842326}.Release|ARM.Deploy.0 = Release|ARM
		{9D38EFD5-5ADC-4ECB-9B96-1B0A67842326}.Release|iPhone.ActiveCfg = Release|x86
		{9D38EFD5-5ADC-4ECB-9B96-1B0A67842326}.Release|iPhoneSimulator.ActiveCfg = Release|x86
		{9D38EFD5-5ADC-4ECB-9B96-1B0A67842326}.Release|x64.ActiveCfg = Release|x64
		{9D38EFD5-5ADC-4ECB-9B96-1B0A67842326}.Release|x64.Build.0 = Release|x64
		{9D38EFD5-5ADC-4ECB-9B96-1B0A67842326}.Release|x64.Deploy.0 = Release|x64
		{9D38EFD5-5ADC-4ECB-9B96-1B0A67842326}.Release|x86.ActiveCfg = Release|x86
		{9D38EFD5-5ADC-4ECB-9B96-1B0A67842326}.Release|x86.Build.0 = Release|x86
		{9D38EFD5-5ADC-4ECB-9B96-1B0A67842326}.Release|x86.Deploy.0 = Release|x86
		{9D38EFD5-5ADC-4ECB-9B96-1B0A67842326}.ReleaseNoUWP|Any CPU.ActiveCfg = Release|x86
		{9D38EFD5-5ADC-4ECB-9B96-1B0A67842326}.ReleaseNoUWP|ARM.ActiveCfg = Release|ARM
		{9D38EFD5-5ADC-4ECB-9B96-1B0A67842326}.ReleaseNoUWP|ARM.Build.0 = Release|ARM
		{9D38EFD5-5ADC-4ECB-9B96-1B0A67842326}.ReleaseNoUWP|ARM.Deploy.0 = Release|ARM
		{9D38EFD5-5ADC-4ECB-9B96-1B0A67842326}.ReleaseNoUWP|iPhone.ActiveCfg = Release|x86
		{9D38EFD5-5ADC-4ECB-9B96-1B0A67842326}.ReleaseNoUWP|iPhoneSimulator.ActiveCfg = Release|x86
		{9D38EFD5-5ADC-4ECB-9B96-1B0A67842326}.ReleaseNoUWP|x64.ActiveCfg = Release|x64
		{9D38EFD5-5ADC-4ECB-9B96-1B0A67842326}.ReleaseNoUWP|x86.ActiveCfg = Release|x86
		{B1E432D3-6D60-4125-BA49-F4B6BEAD2E15}.Debug|Any CPU.ActiveCfg = Debug|Any CPU
		{B1E432D3-6D60-4125-BA49-F4B6BEAD2E15}.Debug|Any CPU.Build.0 = Debug|Any CPU
		{B1E432D3-6D60-4125-BA49-F4B6BEAD2E15}.Debug|ARM.ActiveCfg = Debug|ARM
		{B1E432D3-6D60-4125-BA49-F4B6BEAD2E15}.Debug|ARM.Build.0 = Debug|ARM
		{B1E432D3-6D60-4125-BA49-F4B6BEAD2E15}.Debug|iPhone.ActiveCfg = Debug|Any CPU
		{B1E432D3-6D60-4125-BA49-F4B6BEAD2E15}.Debug|iPhone.Build.0 = Debug|Any CPU
		{B1E432D3-6D60-4125-BA49-F4B6BEAD2E15}.Debug|iPhoneSimulator.ActiveCfg = Debug|Any CPU
		{B1E432D3-6D60-4125-BA49-F4B6BEAD2E15}.Debug|iPhoneSimulator.Build.0 = Debug|Any CPU
		{B1E432D3-6D60-4125-BA49-F4B6BEAD2E15}.Debug|x64.ActiveCfg = Debug|x64
		{B1E432D3-6D60-4125-BA49-F4B6BEAD2E15}.Debug|x64.Build.0 = Debug|x64
		{B1E432D3-6D60-4125-BA49-F4B6BEAD2E15}.Debug|x86.ActiveCfg = Debug|x86
		{B1E432D3-6D60-4125-BA49-F4B6BEAD2E15}.Debug|x86.Build.0 = Debug|x86
		{B1E432D3-6D60-4125-BA49-F4B6BEAD2E15}.Release|Any CPU.ActiveCfg = Release|Any CPU
		{B1E432D3-6D60-4125-BA49-F4B6BEAD2E15}.Release|Any CPU.Build.0 = Release|Any CPU
		{B1E432D3-6D60-4125-BA49-F4B6BEAD2E15}.Release|ARM.ActiveCfg = Release|ARM
		{B1E432D3-6D60-4125-BA49-F4B6BEAD2E15}.Release|ARM.Build.0 = Release|ARM
		{B1E432D3-6D60-4125-BA49-F4B6BEAD2E15}.Release|iPhone.ActiveCfg = Release|Any CPU
		{B1E432D3-6D60-4125-BA49-F4B6BEAD2E15}.Release|iPhone.Build.0 = Release|Any CPU
		{B1E432D3-6D60-4125-BA49-F4B6BEAD2E15}.Release|iPhoneSimulator.ActiveCfg = Release|Any CPU
		{B1E432D3-6D60-4125-BA49-F4B6BEAD2E15}.Release|iPhoneSimulator.Build.0 = Release|Any CPU
		{B1E432D3-6D60-4125-BA49-F4B6BEAD2E15}.Release|x64.ActiveCfg = Release|x64
		{B1E432D3-6D60-4125-BA49-F4B6BEAD2E15}.Release|x64.Build.0 = Release|x64
		{B1E432D3-6D60-4125-BA49-F4B6BEAD2E15}.Release|x86.ActiveCfg = Release|x86
		{B1E432D3-6D60-4125-BA49-F4B6BEAD2E15}.Release|x86.Build.0 = Release|x86
		{B1E432D3-6D60-4125-BA49-F4B6BEAD2E15}.ReleaseNoUWP|Any CPU.ActiveCfg = Release|Any CPU
		{B1E432D3-6D60-4125-BA49-F4B6BEAD2E15}.ReleaseNoUWP|ARM.ActiveCfg = Release|ARM
		{B1E432D3-6D60-4125-BA49-F4B6BEAD2E15}.ReleaseNoUWP|ARM.Build.0 = Release|ARM
		{B1E432D3-6D60-4125-BA49-F4B6BEAD2E15}.ReleaseNoUWP|iPhone.ActiveCfg = Release|Any CPU
		{B1E432D3-6D60-4125-BA49-F4B6BEAD2E15}.ReleaseNoUWP|iPhone.Build.0 = Release|Any CPU
		{B1E432D3-6D60-4125-BA49-F4B6BEAD2E15}.ReleaseNoUWP|iPhoneSimulator.ActiveCfg = Release|Any CPU
		{B1E432D3-6D60-4125-BA49-F4B6BEAD2E15}.ReleaseNoUWP|iPhoneSimulator.Build.0 = Release|Any CPU
		{B1E432D3-6D60-4125-BA49-F4B6BEAD2E15}.ReleaseNoUWP|x64.ActiveCfg = Release|x64
		{B1E432D3-6D60-4125-BA49-F4B6BEAD2E15}.ReleaseNoUWP|x86.ActiveCfg = Release|x86
		{0AE3BD6B-5046-4423-881B-C312C00427D6}.Debug|Any CPU.ActiveCfg = Debug|Any CPU
		{0AE3BD6B-5046-4423-881B-C312C00427D6}.Debug|Any CPU.Build.0 = Debug|Any CPU
		{0AE3BD6B-5046-4423-881B-C312C00427D6}.Debug|ARM.ActiveCfg = Debug|Any CPU
		{0AE3BD6B-5046-4423-881B-C312C00427D6}.Debug|ARM.Build.0 = Debug|Any CPU
		{0AE3BD6B-5046-4423-881B-C312C00427D6}.Debug|iPhone.ActiveCfg = Debug|Any CPU
		{0AE3BD6B-5046-4423-881B-C312C00427D6}.Debug|iPhone.Build.0 = Debug|Any CPU
		{0AE3BD6B-5046-4423-881B-C312C00427D6}.Debug|iPhoneSimulator.ActiveCfg = Debug|Any CPU
		{0AE3BD6B-5046-4423-881B-C312C00427D6}.Debug|iPhoneSimulator.Build.0 = Debug|Any CPU
		{0AE3BD6B-5046-4423-881B-C312C00427D6}.Debug|x64.ActiveCfg = Debug|Any CPU
		{0AE3BD6B-5046-4423-881B-C312C00427D6}.Debug|x64.Build.0 = Debug|Any CPU
		{0AE3BD6B-5046-4423-881B-C312C00427D6}.Debug|x86.ActiveCfg = Debug|Any CPU
		{0AE3BD6B-5046-4423-881B-C312C00427D6}.Debug|x86.Build.0 = Debug|Any CPU
		{0AE3BD6B-5046-4423-881B-C312C00427D6}.Release|Any CPU.ActiveCfg = Release|Any CPU
		{0AE3BD6B-5046-4423-881B-C312C00427D6}.Release|Any CPU.Build.0 = Release|Any CPU
		{0AE3BD6B-5046-4423-881B-C312C00427D6}.Release|ARM.ActiveCfg = Release|Any CPU
		{0AE3BD6B-5046-4423-881B-C312C00427D6}.Release|ARM.Build.0 = Release|Any CPU
		{0AE3BD6B-5046-4423-881B-C312C00427D6}.Release|iPhone.ActiveCfg = Release|Any CPU
		{0AE3BD6B-5046-4423-881B-C312C00427D6}.Release|iPhone.Build.0 = Release|Any CPU
		{0AE3BD6B-5046-4423-881B-C312C00427D6}.Release|iPhoneSimulator.ActiveCfg = Release|Any CPU
		{0AE3BD6B-5046-4423-881B-C312C00427D6}.Release|iPhoneSimulator.Build.0 = Release|Any CPU
		{0AE3BD6B-5046-4423-881B-C312C00427D6}.Release|x64.ActiveCfg = Release|Any CPU
		{0AE3BD6B-5046-4423-881B-C312C00427D6}.Release|x64.Build.0 = Release|Any CPU
		{0AE3BD6B-5046-4423-881B-C312C00427D6}.Release|x86.ActiveCfg = Release|Any CPU
		{0AE3BD6B-5046-4423-881B-C312C00427D6}.Release|x86.Build.0 = Release|Any CPU
		{0AE3BD6B-5046-4423-881B-C312C00427D6}.ReleaseNoUWP|Any CPU.ActiveCfg = Release|Any CPU
		{0AE3BD6B-5046-4423-881B-C312C00427D6}.ReleaseNoUWP|Any CPU.Build.0 = Release|Any CPU
		{0AE3BD6B-5046-4423-881B-C312C00427D6}.ReleaseNoUWP|ARM.ActiveCfg = Release|Any CPU
		{0AE3BD6B-5046-4423-881B-C312C00427D6}.ReleaseNoUWP|ARM.Build.0 = Release|Any CPU
		{0AE3BD6B-5046-4423-881B-C312C00427D6}.ReleaseNoUWP|iPhone.ActiveCfg = Release|Any CPU
		{0AE3BD6B-5046-4423-881B-C312C00427D6}.ReleaseNoUWP|iPhone.Build.0 = Release|Any CPU
		{0AE3BD6B-5046-4423-881B-C312C00427D6}.ReleaseNoUWP|iPhoneSimulator.ActiveCfg = Release|Any CPU
		{0AE3BD6B-5046-4423-881B-C312C00427D6}.ReleaseNoUWP|iPhoneSimulator.Build.0 = Release|Any CPU
		{0AE3BD6B-5046-4423-881B-C312C00427D6}.ReleaseNoUWP|x64.ActiveCfg = Release|Any CPU
		{0AE3BD6B-5046-4423-881B-C312C00427D6}.ReleaseNoUWP|x64.Build.0 = Release|Any CPU
		{0AE3BD6B-5046-4423-881B-C312C00427D6}.ReleaseNoUWP|x86.ActiveCfg = Release|Any CPU
		{0AE3BD6B-5046-4423-881B-C312C00427D6}.ReleaseNoUWP|x86.Build.0 = Release|Any CPU
		{889C8F61-5875-4994-AC88-82B99A299593}.Debug|Any CPU.ActiveCfg = Debug|Any CPU
		{889C8F61-5875-4994-AC88-82B99A299593}.Debug|Any CPU.Build.0 = Debug|Any CPU
		{889C8F61-5875-4994-AC88-82B99A299593}.Debug|ARM.ActiveCfg = Debug|Any CPU
		{889C8F61-5875-4994-AC88-82B99A299593}.Debug|ARM.Build.0 = Debug|Any CPU
		{889C8F61-5875-4994-AC88-82B99A299593}.Debug|iPhone.ActiveCfg = Debug|Any CPU
		{889C8F61-5875-4994-AC88-82B99A299593}.Debug|iPhone.Build.0 = Debug|Any CPU
		{889C8F61-5875-4994-AC88-82B99A299593}.Debug|iPhoneSimulator.ActiveCfg = Debug|Any CPU
		{889C8F61-5875-4994-AC88-82B99A299593}.Debug|iPhoneSimulator.Build.0 = Debug|Any CPU
		{889C8F61-5875-4994-AC88-82B99A299593}.Debug|x64.ActiveCfg = Debug|Any CPU
		{889C8F61-5875-4994-AC88-82B99A299593}.Debug|x64.Build.0 = Debug|Any CPU
		{889C8F61-5875-4994-AC88-82B99A299593}.Debug|x86.ActiveCfg = Debug|Any CPU
		{889C8F61-5875-4994-AC88-82B99A299593}.Debug|x86.Build.0 = Debug|Any CPU
		{889C8F61-5875-4994-AC88-82B99A299593}.Release|Any CPU.ActiveCfg = Release|Any CPU
		{889C8F61-5875-4994-AC88-82B99A299593}.Release|Any CPU.Build.0 = Release|Any CPU
		{889C8F61-5875-4994-AC88-82B99A299593}.Release|ARM.ActiveCfg = Release|Any CPU
		{889C8F61-5875-4994-AC88-82B99A299593}.Release|ARM.Build.0 = Release|Any CPU
		{889C8F61-5875-4994-AC88-82B99A299593}.Release|iPhone.ActiveCfg = Release|Any CPU
		{889C8F61-5875-4994-AC88-82B99A299593}.Release|iPhone.Build.0 = Release|Any CPU
		{889C8F61-5875-4994-AC88-82B99A299593}.Release|iPhoneSimulator.ActiveCfg = Release|Any CPU
		{889C8F61-5875-4994-AC88-82B99A299593}.Release|iPhoneSimulator.Build.0 = Release|Any CPU
		{889C8F61-5875-4994-AC88-82B99A299593}.Release|x64.ActiveCfg = Release|Any CPU
		{889C8F61-5875-4994-AC88-82B99A299593}.Release|x64.Build.0 = Release|Any CPU
		{889C8F61-5875-4994-AC88-82B99A299593}.Release|x86.ActiveCfg = Release|Any CPU
		{889C8F61-5875-4994-AC88-82B99A299593}.Release|x86.Build.0 = Release|Any CPU
		{889C8F61-5875-4994-AC88-82B99A299593}.ReleaseNoUWP|Any CPU.ActiveCfg = Release|Any CPU
		{889C8F61-5875-4994-AC88-82B99A299593}.ReleaseNoUWP|Any CPU.Build.0 = Release|Any CPU
		{889C8F61-5875-4994-AC88-82B99A299593}.ReleaseNoUWP|ARM.ActiveCfg = Release|Any CPU
		{889C8F61-5875-4994-AC88-82B99A299593}.ReleaseNoUWP|ARM.Build.0 = Release|Any CPU
		{889C8F61-5875-4994-AC88-82B99A299593}.ReleaseNoUWP|iPhone.ActiveCfg = Release|Any CPU
		{889C8F61-5875-4994-AC88-82B99A299593}.ReleaseNoUWP|iPhone.Build.0 = Release|Any CPU
		{889C8F61-5875-4994-AC88-82B99A299593}.ReleaseNoUWP|iPhoneSimulator.ActiveCfg = Release|Any CPU
		{889C8F61-5875-4994-AC88-82B99A299593}.ReleaseNoUWP|iPhoneSimulator.Build.0 = Release|Any CPU
		{889C8F61-5875-4994-AC88-82B99A299593}.ReleaseNoUWP|x64.ActiveCfg = Release|Any CPU
		{889C8F61-5875-4994-AC88-82B99A299593}.ReleaseNoUWP|x64.Build.0 = Release|Any CPU
		{889C8F61-5875-4994-AC88-82B99A299593}.ReleaseNoUWP|x86.ActiveCfg = Release|Any CPU
		{889C8F61-5875-4994-AC88-82B99A299593}.ReleaseNoUWP|x86.Build.0 = Release|Any CPU
		{65041A77-F0C4-4263-BF2F-4A631B50A718}.Debug|Any CPU.ActiveCfg = Debug|Any CPU
		{65041A77-F0C4-4263-BF2F-4A631B50A718}.Debug|Any CPU.Build.0 = Debug|Any CPU
		{65041A77-F0C4-4263-BF2F-4A631B50A718}.Debug|Any CPU.Deploy.0 = Debug|Any CPU
		{65041A77-F0C4-4263-BF2F-4A631B50A718}.Debug|ARM.ActiveCfg = Debug|Any CPU
		{65041A77-F0C4-4263-BF2F-4A631B50A718}.Debug|ARM.Build.0 = Debug|Any CPU
		{65041A77-F0C4-4263-BF2F-4A631B50A718}.Debug|ARM.Deploy.0 = Debug|Any CPU
		{65041A77-F0C4-4263-BF2F-4A631B50A718}.Debug|iPhone.ActiveCfg = Debug|Any CPU
		{65041A77-F0C4-4263-BF2F-4A631B50A718}.Debug|iPhone.Build.0 = Debug|Any CPU
		{65041A77-F0C4-4263-BF2F-4A631B50A718}.Debug|iPhone.Deploy.0 = Debug|Any CPU
		{65041A77-F0C4-4263-BF2F-4A631B50A718}.Debug|iPhoneSimulator.ActiveCfg = Debug|Any CPU
		{65041A77-F0C4-4263-BF2F-4A631B50A718}.Debug|iPhoneSimulator.Build.0 = Debug|Any CPU
		{65041A77-F0C4-4263-BF2F-4A631B50A718}.Debug|iPhoneSimulator.Deploy.0 = Debug|Any CPU
		{65041A77-F0C4-4263-BF2F-4A631B50A718}.Debug|x64.ActiveCfg = Debug|Any CPU
		{65041A77-F0C4-4263-BF2F-4A631B50A718}.Debug|x64.Build.0 = Debug|Any CPU
		{65041A77-F0C4-4263-BF2F-4A631B50A718}.Debug|x64.Deploy.0 = Debug|Any CPU
		{65041A77-F0C4-4263-BF2F-4A631B50A718}.Debug|x86.ActiveCfg = Debug|Any CPU
		{65041A77-F0C4-4263-BF2F-4A631B50A718}.Debug|x86.Build.0 = Debug|Any CPU
		{65041A77-F0C4-4263-BF2F-4A631B50A718}.Debug|x86.Deploy.0 = Debug|Any CPU
		{65041A77-F0C4-4263-BF2F-4A631B50A718}.Release|Any CPU.ActiveCfg = Release|Any CPU
		{65041A77-F0C4-4263-BF2F-4A631B50A718}.Release|Any CPU.Build.0 = Release|Any CPU
		{65041A77-F0C4-4263-BF2F-4A631B50A718}.Release|Any CPU.Deploy.0 = Release|Any CPU
		{65041A77-F0C4-4263-BF2F-4A631B50A718}.Release|ARM.ActiveCfg = Release|Any CPU
		{65041A77-F0C4-4263-BF2F-4A631B50A718}.Release|ARM.Build.0 = Release|Any CPU
		{65041A77-F0C4-4263-BF2F-4A631B50A718}.Release|ARM.Deploy.0 = Release|Any CPU
		{65041A77-F0C4-4263-BF2F-4A631B50A718}.Release|iPhone.ActiveCfg = Release|Any CPU
		{65041A77-F0C4-4263-BF2F-4A631B50A718}.Release|iPhone.Build.0 = Release|Any CPU
		{65041A77-F0C4-4263-BF2F-4A631B50A718}.Release|iPhone.Deploy.0 = Release|Any CPU
		{65041A77-F0C4-4263-BF2F-4A631B50A718}.Release|iPhoneSimulator.ActiveCfg = Release|Any CPU
		{65041A77-F0C4-4263-BF2F-4A631B50A718}.Release|iPhoneSimulator.Build.0 = Release|Any CPU
		{65041A77-F0C4-4263-BF2F-4A631B50A718}.Release|iPhoneSimulator.Deploy.0 = Release|Any CPU
		{65041A77-F0C4-4263-BF2F-4A631B50A718}.Release|x64.ActiveCfg = Release|Any CPU
		{65041A77-F0C4-4263-BF2F-4A631B50A718}.Release|x64.Build.0 = Release|Any CPU
		{65041A77-F0C4-4263-BF2F-4A631B50A718}.Release|x64.Deploy.0 = Release|Any CPU
		{65041A77-F0C4-4263-BF2F-4A631B50A718}.Release|x86.ActiveCfg = Release|Any CPU
		{65041A77-F0C4-4263-BF2F-4A631B50A718}.Release|x86.Build.0 = Release|Any CPU
		{65041A77-F0C4-4263-BF2F-4A631B50A718}.Release|x86.Deploy.0 = Release|Any CPU
		{65041A77-F0C4-4263-BF2F-4A631B50A718}.ReleaseNoUWP|Any CPU.ActiveCfg = Release|Any CPU
		{65041A77-F0C4-4263-BF2F-4A631B50A718}.ReleaseNoUWP|Any CPU.Build.0 = Release|Any CPU
		{65041A77-F0C4-4263-BF2F-4A631B50A718}.ReleaseNoUWP|Any CPU.Deploy.0 = Release|Any CPU
		{65041A77-F0C4-4263-BF2F-4A631B50A718}.ReleaseNoUWP|ARM.ActiveCfg = Release|Any CPU
		{65041A77-F0C4-4263-BF2F-4A631B50A718}.ReleaseNoUWP|ARM.Build.0 = Release|Any CPU
		{65041A77-F0C4-4263-BF2F-4A631B50A718}.ReleaseNoUWP|ARM.Deploy.0 = Release|Any CPU
		{65041A77-F0C4-4263-BF2F-4A631B50A718}.ReleaseNoUWP|iPhone.ActiveCfg = Release|Any CPU
		{65041A77-F0C4-4263-BF2F-4A631B50A718}.ReleaseNoUWP|iPhone.Build.0 = Release|Any CPU
		{65041A77-F0C4-4263-BF2F-4A631B50A718}.ReleaseNoUWP|iPhone.Deploy.0 = Release|Any CPU
		{65041A77-F0C4-4263-BF2F-4A631B50A718}.ReleaseNoUWP|iPhoneSimulator.ActiveCfg = Release|Any CPU
		{65041A77-F0C4-4263-BF2F-4A631B50A718}.ReleaseNoUWP|iPhoneSimulator.Build.0 = Release|Any CPU
		{65041A77-F0C4-4263-BF2F-4A631B50A718}.ReleaseNoUWP|iPhoneSimulator.Deploy.0 = Release|Any CPU
		{65041A77-F0C4-4263-BF2F-4A631B50A718}.ReleaseNoUWP|x64.ActiveCfg = Release|Any CPU
		{65041A77-F0C4-4263-BF2F-4A631B50A718}.ReleaseNoUWP|x64.Build.0 = Release|Any CPU
		{65041A77-F0C4-4263-BF2F-4A631B50A718}.ReleaseNoUWP|x64.Deploy.0 = Release|Any CPU
		{65041A77-F0C4-4263-BF2F-4A631B50A718}.ReleaseNoUWP|x86.ActiveCfg = Release|Any CPU
		{65041A77-F0C4-4263-BF2F-4A631B50A718}.ReleaseNoUWP|x86.Build.0 = Release|Any CPU
		{65041A77-F0C4-4263-BF2F-4A631B50A718}.ReleaseNoUWP|x86.Deploy.0 = Release|Any CPU
		{F5E36722-2C35-4FF8-B846-4133204EAECA}.Debug|Any CPU.ActiveCfg = Debug|Any CPU
		{F5E36722-2C35-4FF8-B846-4133204EAECA}.Debug|Any CPU.Build.0 = Debug|Any CPU
		{F5E36722-2C35-4FF8-B846-4133204EAECA}.Debug|ARM.ActiveCfg = Debug|Any CPU
		{F5E36722-2C35-4FF8-B846-4133204EAECA}.Debug|ARM.Build.0 = Debug|Any CPU
		{F5E36722-2C35-4FF8-B846-4133204EAECA}.Debug|iPhone.ActiveCfg = Debug|Any CPU
		{F5E36722-2C35-4FF8-B846-4133204EAECA}.Debug|iPhone.Build.0 = Debug|Any CPU
		{F5E36722-2C35-4FF8-B846-4133204EAECA}.Debug|iPhoneSimulator.ActiveCfg = Debug|Any CPU
		{F5E36722-2C35-4FF8-B846-4133204EAECA}.Debug|iPhoneSimulator.Build.0 = Debug|Any CPU
		{F5E36722-2C35-4FF8-B846-4133204EAECA}.Debug|x64.ActiveCfg = Debug|Any CPU
		{F5E36722-2C35-4FF8-B846-4133204EAECA}.Debug|x64.Build.0 = Debug|Any CPU
		{F5E36722-2C35-4FF8-B846-4133204EAECA}.Debug|x86.ActiveCfg = Debug|Any CPU
		{F5E36722-2C35-4FF8-B846-4133204EAECA}.Debug|x86.Build.0 = Debug|Any CPU
		{F5E36722-2C35-4FF8-B846-4133204EAECA}.Release|Any CPU.ActiveCfg = Release|Any CPU
		{F5E36722-2C35-4FF8-B846-4133204EAECA}.Release|Any CPU.Build.0 = Release|Any CPU
		{F5E36722-2C35-4FF8-B846-4133204EAECA}.Release|ARM.ActiveCfg = Release|Any CPU
		{F5E36722-2C35-4FF8-B846-4133204EAECA}.Release|ARM.Build.0 = Release|Any CPU
		{F5E36722-2C35-4FF8-B846-4133204EAECA}.Release|iPhone.ActiveCfg = Release|Any CPU
		{F5E36722-2C35-4FF8-B846-4133204EAECA}.Release|iPhone.Build.0 = Release|Any CPU
		{F5E36722-2C35-4FF8-B846-4133204EAECA}.Release|iPhoneSimulator.ActiveCfg = Release|Any CPU
		{F5E36722-2C35-4FF8-B846-4133204EAECA}.Release|iPhoneSimulator.Build.0 = Release|Any CPU
		{F5E36722-2C35-4FF8-B846-4133204EAECA}.Release|x64.ActiveCfg = Release|Any CPU
		{F5E36722-2C35-4FF8-B846-4133204EAECA}.Release|x64.Build.0 = Release|Any CPU
		{F5E36722-2C35-4FF8-B846-4133204EAECA}.Release|x86.ActiveCfg = Release|Any CPU
		{F5E36722-2C35-4FF8-B846-4133204EAECA}.Release|x86.Build.0 = Release|Any CPU
		{F5E36722-2C35-4FF8-B846-4133204EAECA}.ReleaseNoUWP|Any CPU.ActiveCfg = Release|Any CPU
		{F5E36722-2C35-4FF8-B846-4133204EAECA}.ReleaseNoUWP|Any CPU.Build.0 = Release|Any CPU
		{F5E36722-2C35-4FF8-B846-4133204EAECA}.ReleaseNoUWP|ARM.ActiveCfg = Release|Any CPU
		{F5E36722-2C35-4FF8-B846-4133204EAECA}.ReleaseNoUWP|ARM.Build.0 = Release|Any CPU
		{F5E36722-2C35-4FF8-B846-4133204EAECA}.ReleaseNoUWP|iPhone.ActiveCfg = Release|Any CPU
		{F5E36722-2C35-4FF8-B846-4133204EAECA}.ReleaseNoUWP|iPhone.Build.0 = Release|Any CPU
		{F5E36722-2C35-4FF8-B846-4133204EAECA}.ReleaseNoUWP|iPhoneSimulator.ActiveCfg = Release|Any CPU
		{F5E36722-2C35-4FF8-B846-4133204EAECA}.ReleaseNoUWP|iPhoneSimulator.Build.0 = Release|Any CPU
		{F5E36722-2C35-4FF8-B846-4133204EAECA}.ReleaseNoUWP|x64.ActiveCfg = Release|Any CPU
		{F5E36722-2C35-4FF8-B846-4133204EAECA}.ReleaseNoUWP|x64.Build.0 = Release|Any CPU
		{F5E36722-2C35-4FF8-B846-4133204EAECA}.ReleaseNoUWP|x86.ActiveCfg = Release|Any CPU
		{E6738CB2-853F-4C8B-8174-B9029CABEBF2}.Debug|Any CPU.ActiveCfg = Debug|Any CPU
		{E6738CB2-853F-4C8B-8174-B9029CABEBF2}.Debug|Any CPU.Build.0 = Debug|Any CPU
		{E6738CB2-853F-4C8B-8174-B9029CABEBF2}.Debug|ARM.ActiveCfg = Debug|Any CPU
		{E6738CB2-853F-4C8B-8174-B9029CABEBF2}.Debug|ARM.Build.0 = Debug|Any CPU
		{E6738CB2-853F-4C8B-8174-B9029CABEBF2}.Debug|iPhone.ActiveCfg = Debug|Any CPU
		{E6738CB2-853F-4C8B-8174-B9029CABEBF2}.Debug|iPhone.Build.0 = Debug|Any CPU
		{E6738CB2-853F-4C8B-8174-B9029CABEBF2}.Debug|iPhoneSimulator.ActiveCfg = Debug|Any CPU
		{E6738CB2-853F-4C8B-8174-B9029CABEBF2}.Debug|iPhoneSimulator.Build.0 = Debug|Any CPU
		{E6738CB2-853F-4C8B-8174-B9029CABEBF2}.Debug|x64.ActiveCfg = Debug|Any CPU
		{E6738CB2-853F-4C8B-8174-B9029CABEBF2}.Debug|x64.Build.0 = Debug|Any CPU
		{E6738CB2-853F-4C8B-8174-B9029CABEBF2}.Debug|x86.ActiveCfg = Debug|Any CPU
		{E6738CB2-853F-4C8B-8174-B9029CABEBF2}.Debug|x86.Build.0 = Debug|Any CPU
		{E6738CB2-853F-4C8B-8174-B9029CABEBF2}.Release|Any CPU.ActiveCfg = Release|Any CPU
		{E6738CB2-853F-4C8B-8174-B9029CABEBF2}.Release|Any CPU.Build.0 = Release|Any CPU
		{E6738CB2-853F-4C8B-8174-B9029CABEBF2}.Release|ARM.ActiveCfg = Release|Any CPU
		{E6738CB2-853F-4C8B-8174-B9029CABEBF2}.Release|ARM.Build.0 = Release|Any CPU
		{E6738CB2-853F-4C8B-8174-B9029CABEBF2}.Release|iPhone.ActiveCfg = Release|Any CPU
		{E6738CB2-853F-4C8B-8174-B9029CABEBF2}.Release|iPhone.Build.0 = Release|Any CPU
		{E6738CB2-853F-4C8B-8174-B9029CABEBF2}.Release|iPhoneSimulator.ActiveCfg = Release|Any CPU
		{E6738CB2-853F-4C8B-8174-B9029CABEBF2}.Release|iPhoneSimulator.Build.0 = Release|Any CPU
		{E6738CB2-853F-4C8B-8174-B9029CABEBF2}.Release|x64.ActiveCfg = Release|Any CPU
		{E6738CB2-853F-4C8B-8174-B9029CABEBF2}.Release|x64.Build.0 = Release|Any CPU
		{E6738CB2-853F-4C8B-8174-B9029CABEBF2}.Release|x86.ActiveCfg = Release|Any CPU
		{E6738CB2-853F-4C8B-8174-B9029CABEBF2}.Release|x86.Build.0 = Release|Any CPU
		{E6738CB2-853F-4C8B-8174-B9029CABEBF2}.ReleaseNoUWP|Any CPU.ActiveCfg = Release|Any CPU
		{E6738CB2-853F-4C8B-8174-B9029CABEBF2}.ReleaseNoUWP|Any CPU.Build.0 = Release|Any CPU
		{E6738CB2-853F-4C8B-8174-B9029CABEBF2}.ReleaseNoUWP|ARM.ActiveCfg = Release|Any CPU
		{E6738CB2-853F-4C8B-8174-B9029CABEBF2}.ReleaseNoUWP|ARM.Build.0 = Release|Any CPU
		{E6738CB2-853F-4C8B-8174-B9029CABEBF2}.ReleaseNoUWP|iPhone.ActiveCfg = Release|Any CPU
		{E6738CB2-853F-4C8B-8174-B9029CABEBF2}.ReleaseNoUWP|iPhone.Build.0 = Release|Any CPU
		{E6738CB2-853F-4C8B-8174-B9029CABEBF2}.ReleaseNoUWP|iPhoneSimulator.ActiveCfg = Release|Any CPU
		{E6738CB2-853F-4C8B-8174-B9029CABEBF2}.ReleaseNoUWP|iPhoneSimulator.Build.0 = Release|Any CPU
		{E6738CB2-853F-4C8B-8174-B9029CABEBF2}.ReleaseNoUWP|x64.ActiveCfg = Release|Any CPU
		{E6738CB2-853F-4C8B-8174-B9029CABEBF2}.ReleaseNoUWP|x64.Build.0 = Release|Any CPU
		{E6738CB2-853F-4C8B-8174-B9029CABEBF2}.ReleaseNoUWP|x86.ActiveCfg = Release|Any CPU
	EndGlobalSection
	GlobalSection(SolutionProperties) = preSolution
		HideSolutionNode = FALSE
	EndGlobalSection
	GlobalSection(NestedProjects) = preSolution
		{E66692BA-0BA6-4B5C-A519-DD0102B88231} = {F2A4C316-91B1-45B8-81B6-64235C89A2A8}
		{119FCCAA-7446-4DE0-8F47-5A0A08AC4DB3} = {F2A4C316-91B1-45B8-81B6-64235C89A2A8}
		{E6894584-C17F-4057-B4D0-5DFBBE098A94} = {F2A4C316-91B1-45B8-81B6-64235C89A2A8}
		{9D38EFD5-5ADC-4ECB-9B96-1B0A67842326} = {F2A4C316-91B1-45B8-81B6-64235C89A2A8}
		{0AE3BD6B-5046-4423-881B-C312C00427D6} = {F2A4C316-91B1-45B8-81B6-64235C89A2A8}
		{65041A77-F0C4-4263-BF2F-4A631B50A718} = {F2A4C316-91B1-45B8-81B6-64235C89A2A8}
		{F5E36722-2C35-4FF8-B846-4133204EAECA} = {F2A4C316-91B1-45B8-81B6-64235C89A2A8}
	EndGlobalSection
	GlobalSection(ExtensibilityGlobals) = postSolution
		SolutionGuid = {2DE06F37-C18A-40B6-BB91-CC2F1ED2C116}
	EndGlobalSection
EndGlobal
